<?xml version="1.0" encoding="utf-8"?>
<Project ToolsVersion="4.0" xmlns="http://schemas.microsoft.com/developer/msbuild/2003">
  <ItemGroup>
    <Filter Include="Source Files">
      <UniqueIdentifier>{4FC737F1-C7A5-4376-A066-2A32D752A2FF}</UniqueIdentifier>
      <Extensions>cpp;c;cc;cxx;c++;cppm;ixx;def;odl;idl;hpj;bat;asm;asmx</Extensions>
    </Filter>
    <Filter Include="Header Files">
      <UniqueIdentifier>{93995380-89BD-4b04-88EB-625FBE52EBFB}</UniqueIdentifier>
      <Extensions>h;hh;hpp;hxx;h++;hm;inl;inc;ipp;xsd</Extensions>
    </Filter>
    <Filter Include="Resource Files">
      <UniqueIdentifier>{67DA6AB6-F800-4c08-8B7A-83BB121AAD01}</UniqueIdentifier>
      <Extensions>rc;ico;cur;bmp;dlg;rc2;rct;bin;rgs;gif;jpg;jpeg;jpe;resx;tiff;tif;png;wav;mfcribbon-ms</Extensions>
    </Filter>
  </ItemGroup>
  <ItemGroup>
    <ClInclude Include="headers\Animal.h">
      <Filter>Header Files</Filter>
    </ClInclude>
    <ClInclude Include="headers\Antylope.h">
      <Filter>Header Files</Filter>
    </ClInclude>
    <ClInclude Include="headers\Dandelion.h">
      <Filter>Header Files</Filter>
    </ClInclude>
    <ClInclude Include="headers\DESI.h">
      <Filter>Header Files</Filter>
    </ClInclude>
    <ClInclude Include="headers\Fox.h">
      <Filter>Header Files</Filter>
    </ClInclude>
    <ClInclude Include="headers\Grass.h">
      <Filter>Header Files</Filter>
    </ClInclude>
    <ClInclude Include="headers\Guarana.h">
      <Filter>Header Files</Filter>
    </ClInclude>
    <ClInclude Include="headers\Human.h">
      <Filter>Header Files</Filter>
    </ClInclude>
    <ClInclude Include="headers\Includes.h">
      <Filter>Header Files</Filter>
    </ClInclude>
    <ClInclude Include="headers\Organism.h">
      <Filter>Header Files</Filter>
    </ClInclude>
    <ClInclude Include="headers\PineBorscht.h">
      <Filter>Header Files</Filter>
    </ClInclude>
    <ClInclude Include="headers\Plant.h">
      <Filter>Header Files</Filter>
    </ClInclude>
    <ClInclude Include="headers\Sheep.h">
      <Filter>Header Files</Filter>
    </ClInclude>
    <ClInclude Include="headers\Turtle.h">
      <Filter>Header Files</Filter>
    </ClInclude>
    <ClInclude Include="headers\Wolf.h">
      <Filter>Header Files</Filter>
    </ClInclude>
    <ClInclude Include="headers\WolfBerries.h">
      <Filter>Header Files</Filter>
    </ClInclude>
    <ClInclude Include="headers\World.h">
      <Filter>Header Files</Filter>
    </ClInclude>
  </ItemGroup>
  <ItemGroup>
    <ClCompile Include="organisms\Organism.cpp">
      <Filter>Source Files</Filter>
    </ClCompile>
    <ClCompile Include="World.cpp">
      <Filter>Source Files</Filter>
    </ClCompile>
    <ClCompile Include="organisms\plants\Dandelion.cpp">
      <Filter>Source Files</Filter>
    </ClCompile>
    <ClCompile Include="organisms\plants\Grass.cpp">
      <Filter>Source Files</Filter>
    </ClCompile>
    <ClCompile Include="organisms\plants\Guarana.cpp">
      <Filter>Source Files</Filter>
    </ClCompile>
    <ClCompile Include="organisms\plants\PineBorscht.cpp">
      <Filter>Source Files</Filter>
    </ClCompile>
    <ClCompile Include="organisms\plants\Plant.cpp">
      <Filter>Source Files</Filter>
    </ClCompile>
    <ClCompile Include="organisms\plants\WolfBerries.cpp">
      <Filter>Source Files</Filter>
    </ClCompile>
    <ClCompile Include="organisms\animals\Animal.cpp">
      <Filter>Source Files</Filter>
    </ClCompile>
    <ClCompile Include="organisms\animals\Antylope.cpp">
      <Filter>Source Files</Filter>
    </ClCompile>
    <ClCompile Include="organisms\animals\Fox.cpp">
      <Filter>Source Files</Filter>
    </ClCompile>
    <ClCompile Include="organisms\animals\Human.cpp">
      <Filter>Source Files</Filter>
    </ClCompile>
    <ClCompile Include="organisms\animals\Sheep.cpp">
      <Filter>Source Files</Filter>
    </ClCompile>
    <ClCompile Include="organisms\animals\Turtle.cpp">
      <Filter>Source Files</Filter>
    </ClCompile>
    <ClCompile Include="organisms\animals\Wolf.cpp">
      <Filter>Source Files</Filter>
    </ClCompile>
    <ClCompile Include="Source.cpp">
      <Filter>Source Files</Filter>
    </ClCompile>
  </ItemGroup>
</Project>